
Microsoft Visual Studio Solution File, Format Version 12.00
# Visual Studio Version 17
VisualStudioVersion = 17.5.33516.290
MinimumVisualStudioVersion = 10.0.40219.1
Project("{9A19103F-16F7-4668-BE54-9A1E7A4F7556}") = "OfferApp.ConsoleApp", "OfferApp.ConsoleApp\OfferApp.ConsoleApp.csproj", "{826DF503-62A0-419E-9A47-70DE4EBA2439}"
EndProject
Project("{9A19103F-16F7-4668-BE54-9A1E7A4F7556}") = "OfferApp.Core", "OfferApp.Core\OfferApp.Core.csproj", "{EAD6253B-61A4-49E2-9182-5310F3767524}"
EndProject
Project("{9A19103F-16F7-4668-BE54-9A1E7A4F7556}") = "OfferApp.UnitTests", "OfferApp.UnitTests\OfferApp.UnitTests.csproj", "{44884741-3545-43ED-AB22-65CE058B4494}"
EndProject
Project("{FAE04EC0-301F-11D3-BF4B-00C04F79EFBC}") = "OfferApp.Infrastructure", "OfferApp.Infrastructure\OfferApp.Infrastructure.csproj", "{58C219AC-B146-4908-A6B9-603737965726}"
EndProject
Global
	GlobalSection(SolutionConfigurationPlatforms) = preSolution
		Debug|Any CPU = Debug|Any CPU
		Release|Any CPU = Release|Any CPU
	EndGlobalSection
	GlobalSection(ProjectConfigurationPlatforms) = postSolution
		{826DF503-62A0-419E-9A47-70DE4EBA2439}.Debug|Any CPU.ActiveCfg = Debug|Any CPU
		{826DF503-62A0-419E-9A47-70DE4EBA2439}.Debug|Any CPU.Build.0 = Debug|Any CPU
		{826DF503-62A0-419E-9A47-70DE4EBA2439}.Release|Any CPU.ActiveCfg = Release|Any CPU
		{826DF503-62A0-419E-9A47-70DE4EBA2439}.Release|Any CPU.Build.0 = Release|Any CPU
		{EAD6253B-61A4-49E2-9182-5310F3767524}.Debug|Any CPU.ActiveCfg = Debug|Any CPU
		{EAD6253B-61A4-49E2-9182-5310F3767524}.Debug|Any CPU.Build.0 = Debug|Any CPU
		{EAD6253B-61A4-49E2-9182-5310F3767524}.Release|Any CPU.ActiveCfg = Release|Any CPU
		{EAD6253B-61A4-49E2-9182-5310F3767524}.Release|Any CPU.Build.0 = Release|Any CPU
		{44884741-3545-43ED-AB22-65CE058B4494}.Debug|Any CPU.ActiveCfg = Debug|Any CPU
		{44884741-3545-43ED-AB22-65CE058B4494}.Debug|Any CPU.Build.0 = Debug|Any CPU
		{44884741-3545-43ED-AB22-65CE058B4494}.Release|Any CPU.ActiveCfg = Release|Any CPU
		{44884741-3545-43ED-AB22-65CE058B4494}.Release|Any CPU.Build.0 = Release|Any CPU
		{58C219AC-B146-4908-A6B9-603737965726}.Debug|Any CPU.ActiveCfg = Debug|Any CPU
		{58C219AC-B146-4908-A6B9-603737965726}.Debug|Any CPU.Build.0 = Debug|Any CPU
		{58C219AC-B146-4908-A6B9-603737965726}.Release|Any CPU.ActiveCfg = Release|Any CPU
		{58C219AC-B146-4908-A6B9-603737965726}.Release|Any CPU.Build.0 = Release|Any CPU
	EndGlobalSection
	GlobalSection(SolutionProperties) = preSolution
		HideSolutionNode = FALSE
	EndGlobalSection
	GlobalSection(ExtensibilityGlobals) = postSolution
		SolutionGuid = {018BAF0B-603D-478C-8DBF-20D92ED21642}
	EndGlobalSection
EndGlobal
